
Microsoft Visual Studio Solution File, Format Version 12.00
# Visual Studio Version 17
VisualStudioVersion = 17.3.32819.101
MinimumVisualStudioVersion = 10.0.40219.1
Project("{FAE04EC0-301F-11D3-BF4B-00C04F79EFBC}") = "RedisTest.Web", "RedisTest.Web\RedisTest.Web.csproj", "{AF12A94D-AAEF-45B6-A410-3223646106E7}"
EndProject
Global
	GlobalSection(SolutionConfigurationPlatforms) = preSolution
		Debug|Any CPU = Debug|Any CPU
		Release|Any CPU = Release|Any CPU
	EndGlobalSection
	GlobalSection(ProjectConfigurationPlatforms) = postSolution
		{AF12A94D-AAEF-45B6-A410-3223646106E7}.Debug|Any CPU.ActiveCfg = Debug|Any CPU
		{AF12A94D-AAEF-45B6-A410-3223646106E7}.Debug|Any CPU.Build.0 = Debug|Any CPU
		{AF12A94D-AAEF-45B6-A410-3223646106E7}.Release|Any CPU.ActiveCfg = Release|Any CPU
		{AF12A94D-AAEF-45B6-A410-3223646106E7}.Release|Any CPU.Build.0 = Release|Any CPU
	EndGlobalSection
	GlobalSection(SolutionProperties) = preSolution
		HideSolutionNode = FALSE
	EndGlobalSection
	GlobalSection(ExtensibilityGlobals) = postSolution
		SolutionGuid = {5A2594F4-31F1-413C-AA94-958FEA4836F1}
	EndGlobalSection
EndGlobal
